
Microsoft Visual Studio Solution File, Format Version 12.00
# Visual Studio Version 17
VisualStudioVersion = 17.2.32519.379
MinimumVisualStudioVersion = 10.0.40219.1
Project("{FAE04EC0-301F-11D3-BF4B-00C04F79EFBC}") = "StudentProject1", "StudentProject1\StudentProject1.csproj", "{0FB99C9E-6408-409E-8A8B-368A968DFC14}"
EndProject
Global
	GlobalSection(SolutionConfigurationPlatforms) = preSolution
		Debug|Any CPU = Debug|Any CPU
		Release|Any CPU = Release|Any CPU
	EndGlobalSection
	GlobalSection(ProjectConfigurationPlatforms) = postSolution
		{0FB99C9E-6408-409E-8A8B-368A968DFC14}.Debug|Any CPU.ActiveCfg = Debug|Any CPU
		{0FB99C9E-6408-409E-8A8B-368A968DFC14}.Debug|Any CPU.Build.0 = Debug|Any CPU
		{0FB99C9E-6408-409E-8A8B-368A968DFC14}.Release|Any CPU.ActiveCfg = Release|Any CPU
		{0FB99C9E-6408-409E-8A8B-368A968DFC14}.Release|Any CPU.Build.0 = Release|Any CPU
	EndGlobalSection
	GlobalSection(SolutionProperties) = preSolution
		HideSolutionNode = FALSE
	EndGlobalSection
	GlobalSection(ExtensibilityGlobals) = postSolution
		SolutionGuid = {11679567-490F-4CFD-B6E7-0B95E07C0949}
	EndGlobalSection
EndGlobal
